<?xml version="1.0" encoding="utf-8"?>
<Project ToolsVersion="4.0" xmlns="http://schemas.microsoft.com/developer/msbuild/2003">
  <ItemGroup>
    <Filter Include="原始程式檔">
      <UniqueIdentifier>{4FC737F1-C7A5-4376-A066-2A32D752A2FF}</UniqueIdentifier>
      <Extensions>cpp;c;cc;cxx;def;odl;idl;hpj;bat;asm;asmx</Extensions>
    </Filter>
    <Filter Include="標頭檔">
      <UniqueIdentifier>{93995380-89BD-4b04-88EB-625FBE52EBFB}</UniqueIdentifier>
      <Extensions>h;hpp;hxx;hm;inl;inc;xsd</Extensions>
    </Filter>
    <Filter Include="資源檔">
      <UniqueIdentifier>{67DA6AB6-F800-4c08-8B7A-83BB121AAD01}</UniqueIdentifier>
      <Extensions>rc;ico;cur;bmp;dlg;rc2;rct;bin;rgs;gif;jpg;jpeg;jpe;resx;tiff;tif;png;wav;mfcribbon-ms</Extensions>
    </Filter>
  </ItemGroup>
  <ItemGroup>
    <ClCompile Include="main.cpp">
      <Filter>原始程式檔</Filter>
    </ClCompile>
    <ClCompile Include="Wcdma.cpp">
      <Filter>原始程式檔</Filter>
    </ClCompile>
    <ClCompile Include="Bus.cpp">
      <Filter>原始程式檔</Filter>
    </ClCompile>
    <ClCompile Include="Lte.cpp">
      <Filter>原始程式檔</Filter>
    </ClCompile>
    <ClCompile Include="Mt.cpp">
      <Filter>原始程式檔</Filter>
    </ClCompile>
    <ClCompile Include="Gsm.cpp">
      <Filter>原始程式檔</Filter>
    </ClCompile>
    <ClCompile Include="Edge.cpp">
      <Filter>原始程式檔</Filter>
    </ClCompile>
    <ClCompile Include="path_loss.cpp">
      <Filter>原始程式檔</Filter>
    </ClCompile>
    <ClCompile Include="traffic_source.cpp">
      <Filter>原始程式檔</Filter>
    </ClCompile>
    <ClCompile Include="distributions.cpp">
      <Filter>原始程式檔</Filter>
    </ClCompile>
    <ClCompile Include="increased_load.cpp">
      <Filter>原始程式檔</Filter>
    </ClCompile>
    <ClCompile Include="other_functions.cpp">
      <Filter>原始程式檔</Filter>
    </ClCompile>
    <ClCompile Include="constraint.cpp">
      <Filter>原始程式檔</Filter>
    </ClCompile>
    <ClCompile Include="sa_scheme.cpp">
      <Filter>原始程式檔</Filter>
    </ClCompile>
  </ItemGroup>
  <ItemGroup>
    <ClInclude Include="Wcdma.h">
      <Filter>標頭檔</Filter>
    </ClInclude>
    <ClInclude Include="Bus.h">
      <Filter>標頭檔</Filter>
    </ClInclude>
    <ClInclude Include="Lte.h">
      <Filter>標頭檔</Filter>
    </ClInclude>
    <ClInclude Include="Mt.h">
      <Filter>標頭檔</Filter>
    </ClInclude>
    <ClInclude Include="Gsm.h">
      <Filter>標頭檔</Filter>
    </ClInclude>
    <ClInclude Include="Edge.h">
      <Filter>標頭檔</Filter>
    </ClInclude>
    <ClInclude Include="path_loss.h">
      <Filter>標頭檔</Filter>
    </ClInclude>
    <ClInclude Include="traffic_source.h">
      <Filter>標頭檔</Filter>
    </ClInclude>
    <ClInclude Include="distributions.h">
      <Filter>標頭檔</Filter>
    </ClInclude>
    <ClInclude Include="increased_load.h">
      <Filter>標頭檔</Filter>
    </ClInclude>
    <ClInclude Include="other_functions.h">
      <Filter>標頭檔</Filter>
    </ClInclude>
    <ClInclude Include="constraint.h">
      <Filter>標頭檔</Filter>
    </ClInclude>
    <ClInclude Include="sa_scheme.h">
      <Filter>標頭檔</Filter>
    </ClInclude>
  </ItemGroup>
</Project>